{
  "name": "@codexsun/framework",
  "version": "0.1.2",
  "lockfileVersion": 3,
  "requires": true,
  "packages": {
    "": {
      "name": "@codexsun/framework",
      "version": "0.1.2",
      "devDependencies": {
        "@devxcrew/tools": "file:vendor/devxcrew-tools-0.1.2.tgz"
      },
      "engines": {
        "node": ">=26.10.0"
      }
    },
    "node_modules/@devxcrew/tools": {
      "version": "0.1.2",
      "resolved": "file:vendor/devxcrew-tools-0.1.2.tgz",
      "integrity": "sha512-Hl1u3MZ/wWemScVT6IRwmD0eam54SPzIPPg8srNvDJYlw/oFAvSVtjrXm88NSIpW/d3d0381QTaZvp4CEAPr4g==",
      "dev": true,
      "dependencies": {
        "dotenv": "17.4.2"
      },
      "bin": {
        "devxcrew-tools": "bin/tools.mjs"
      },
      "engines": {
        "node": ">=26.5.0",
        "npm": ">=12.0.1"
      }
    },
    "node_modules/dotenv": {
      "version": "17.4.2",
      "resolved": "https://registry.npmjs.org/dotenv/-/dotenv-17.4.2.tgz",
      "integrity": "sha512-nI4U3TottKAcAD9LLud4Cb7b2QztQMUEfHbvhTH09bqXTxnSie8WnjPALV/WMCrJZ6UV/qHJ6L03OqO3LcdYZw==",
      "dev": true,
      "license": "BSD-2-Clause",
      "engines": {
        "node": ">=12"
      },
      "funding": {
        "url": "https://dotenvx.com"
      }
    }
  }
}
